
Microsoft Visual Studio Solution File, Format Version 12.00
# Visual Studio Version 16
VisualStudioVersion = 16.0.29123.88
MinimumVisualStudioVersion = 10.0.40219.1
Project("{FAE04EC0-301F-11D3-BF4B-00C04F79EFBC}") = "hello", "hello\hello.csproj", "{8CC518AE-AF41-4585-8530-839CF000526D}"
EndProject
Project("{FAE04EC0-301F-11D3-BF4B-00C04F79EFBC}") = "rc4", "rc4\rc4.csproj", "{A1A22204-A3F6-4154-841D-CB5212CDE4EF}"
EndProject
Project("{FAE04EC0-301F-11D3-BF4B-00C04F79EFBC}") = "http", "http\http.csproj", "{123DB085-CFC8-4C6D-95BC-212F4E169CE8}"
EndProject
Project("{9A19103F-16F7-4668-BE54-9A1E7A4F7556}") = "http_Core", "http_Core\http_Core.csproj", "{A432B115-3EE6-4BB7-82A6-967255F657EA}"
EndProject
Project("{FAE04EC0-301F-11D3-BF4B-00C04F79EFBC}") = "file", "file\file.csproj", "{C08A1521-D0A7-4922-A0A6-EFC6A5D34F57}"
EndProject
Project("{FAE04EC0-301F-11D3-BF4B-00C04F79EFBC}") = "convert", "convert\convert.csproj", "{5B622ED8-CAFB-4505-AF1C-4B9EB63EBCD5}"
EndProject
Project("{FAE04EC0-301F-11D3-BF4B-00C04F79EFBC}") = "Bytes", "types\Bytes.csproj", "{DD3B8867-BFA4-4E29-B0E0-99FEEDA7D4F4}"
EndProject
Project("{FAE04EC0-301F-11D3-BF4B-00C04F79EFBC}") = "base64", "base64\base64.csproj", "{78CB22B2-A7FC-4B47-BD62-EFEBD6873AAB}"
EndProject
Project("{FAE04EC0-301F-11D3-BF4B-00C04F79EFBC}") = "json", "json\json.csproj", "{07D93219-77B5-43D1-A90C-B00897B5B8FE}"
EndProject
Project("{FAE04EC0-301F-11D3-BF4B-00C04F79EFBC}") = "md5", "md5\md5.csproj", "{800F3E32-C1C4-46AB-A72C-1D85ECA7842D}"
EndProject
Project("{FAE04EC0-301F-11D3-BF4B-00C04F79EFBC}") = "rand", "rand\rand.csproj", "{74EC9911-12AC-4898-BDC2-D23A4C27D6EC}"
EndProject
Project("{FAE04EC0-301F-11D3-BF4B-00C04F79EFBC}") = "time", "time\time.csproj", "{126198A4-A617-405E-AEC9-7CD03AA6DEA9}"
EndProject
Project("{FAE04EC0-301F-11D3-BF4B-00C04F79EFBC}") = "websocketClient", "websocketClient\websocketClient.csproj", "{CB0642A4-E64C-4EE3-AA98-71FB420A9510}"
EndProject
Project("{FAE04EC0-301F-11D3-BF4B-00C04F79EFBC}") = "lambda", "lambda\lambda.csproj", "{90219235-325C-4643-ACE6-E279EDF86656}"
EndProject
Project("{FAE04EC0-301F-11D3-BF4B-00C04F79EFBC}") = "delegate1", "delegate1\delegate1.csproj", "{8DA82FE9-E88F-4FA4-8CF6-16A0BC464FA0}"
EndProject
Project("{FAE04EC0-301F-11D3-BF4B-00C04F79EFBC}") = "asyncDelegate", "asyncDelegate\asyncDelegate.csproj", "{5C17FD3A-F60A-40B6-A8A1-FEF1CAC2DCC9}"
EndProject
Project("{FAE04EC0-301F-11D3-BF4B-00C04F79EFBC}") = "LongWebSocketsConnection", "LongWebSocketsConnection\LongWebSocketsConnection.csproj", "{AA09F10E-93D7-4438-836B-36CE351EF20D}"
EndProject
Project("{FAE04EC0-301F-11D3-BF4B-00C04F79EFBC}") = "AsyncAwait", "AsyncAwait\AsyncAwait.csproj", "{93BFE028-4A80-4D45-84B7-CE5E6BC20EFD}"
EndProject
Project("{9A19103F-16F7-4668-BE54-9A1E7A4F7556}") = "protobuf", "protobuf\protobuf.csproj", "{C81018A7-2C31-4481-87FB-9FF59F8C73F0}"
EndProject
Project("{9A19103F-16F7-4668-BE54-9A1E7A4F7556}") = "WebsocketWithProtobuf", "WebsocketWithProtobuf\WebsocketWithProtobuf.csproj", "{C5244268-282C-4862-8599-A3A0E7634858}"
EndProject
Project("{9A19103F-16F7-4668-BE54-9A1E7A4F7556}") = "string", "ConsoleFormat\string.csproj", "{E7CAEAA4-7058-4C51-9CEF-995F14C1CEB3}"
EndProject
Project("{9A19103F-16F7-4668-BE54-9A1E7A4F7556}") = "Queue", "Queue\Queue.csproj", "{8242C739-1B18-4A55-8DE3-5174CE5D99EB}"
EndProject
Project("{9A19103F-16F7-4668-BE54-9A1E7A4F7556}") = "Semaphore", "Semaphore\Semaphore.csproj", "{1366AAC6-B2EF-434E-A38F-27B9FA87287A}"
EndProject
Project("{9A19103F-16F7-4668-BE54-9A1E7A4F7556}") = "TaskRun", "TaskRun\TaskRun.csproj", "{30733512-772D-4179-9A64-AAFFB0461217}"
EndProject
Project("{FAE04EC0-301F-11D3-BF4B-00C04F79EFBC}") = "environment", "environment\environment.csproj", "{5EFFEE7B-839E-4A0C-8AC0-7FBCDD4C0981}"
EndProject
Project("{FAE04EC0-301F-11D3-BF4B-00C04F79EFBC}") = "datatype", "datatype\datatype.csproj", "{743980FA-EEFC-47C3-99BB-8036FC5B373A}"
EndProject
Project("{FAE04EC0-301F-11D3-BF4B-00C04F79EFBC}") = "functions", "functions\functions.csproj", "{5607483C-C2FA-4B39-9478-D6EB8645C7F2}"
EndProject
Project("{FAE04EC0-301F-11D3-BF4B-00C04F79EFBC}") = "arrays", "arrays\arrays.csproj", "{CA58BDBA-66D0-4A56-BBB2-24D86BBAA783}"
EndProject
Project("{FAE04EC0-301F-11D3-BF4B-00C04F79EFBC}") = "classvsstruct", "classvsstruct\classvsstruct.csproj", "{9D69D3A9-ADB3-4518-A536-9DB03982E294}"
EndProject
Project("{FAE04EC0-301F-11D3-BF4B-00C04F79EFBC}") = "statics", "statics\statics.csproj", "{1F607FD7-92C8-4446-B453-1764F617495D}"
EndProject
Project("{FAE04EC0-301F-11D3-BF4B-00C04F79EFBC}") = "collections", "collections\collections.csproj", "{3D3FCE83-07EC-42B9-ACDD-13F377128DF2}"
EndProject
Project("{FAE04EC0-301F-11D3-BF4B-00C04F79EFBC}") = "delegate2", "delegate2\delegate2.csproj", "{0B3542E9-2E2E-4006-9927-01CD6427B885}"
EndProject
Project("{FAE04EC0-301F-11D3-BF4B-00C04F79EFBC}") = "thread", "thread\thread.csproj", "{55E7FED0-9253-487B-87CB-EFE132544CAC}"
EndProject
Project("{FAE04EC0-301F-11D3-BF4B-00C04F79EFBC}") = "threadwait", "threadwait\threadwait.csproj", "{C332CC6D-8B72-4DCE-AA83-45FE14A973AC}"
EndProject
Project("{FAE04EC0-301F-11D3-BF4B-00C04F79EFBC}") = "threadpool", "threadpool\threadpool.csproj", "{7818CFF1-3F8C-4979-8F26-6BC9526FB640}"
EndProject
Project("{FAE04EC0-301F-11D3-BF4B-00C04F79EFBC}") = "task", "task\task.csproj", "{287482B1-77ED-40DF-AAE4-911F59A49D7A}"
EndProject
Global
	GlobalSection(SolutionConfigurationPlatforms) = preSolution
		Debug|Any CPU = Debug|Any CPU
		Release|Any CPU = Release|Any CPU
	EndGlobalSection
	GlobalSection(ProjectConfigurationPlatforms) = postSolution
		{8CC518AE-AF41-4585-8530-839CF000526D}.Debug|Any CPU.ActiveCfg = Debug|Any CPU
		{8CC518AE-AF41-4585-8530-839CF000526D}.Debug|Any CPU.Build.0 = Debug|Any CPU
		{8CC518AE-AF41-4585-8530-839CF000526D}.Release|Any CPU.ActiveCfg = Release|Any CPU
		{8CC518AE-AF41-4585-8530-839CF000526D}.Release|Any CPU.Build.0 = Release|Any CPU
		{A1A22204-A3F6-4154-841D-CB5212CDE4EF}.Debug|Any CPU.ActiveCfg = Debug|Any CPU
		{A1A22204-A3F6-4154-841D-CB5212CDE4EF}.Debug|Any CPU.Build.0 = Debug|Any CPU
		{A1A22204-A3F6-4154-841D-CB5212CDE4EF}.Release|Any CPU.ActiveCfg = Release|Any CPU
		{A1A22204-A3F6-4154-841D-CB5212CDE4EF}.Release|Any CPU.Build.0 = Release|Any CPU
		{123DB085-CFC8-4C6D-95BC-212F4E169CE8}.Debug|Any CPU.ActiveCfg = Debug|Any CPU
		{123DB085-CFC8-4C6D-95BC-212F4E169CE8}.Debug|Any CPU.Build.0 = Debug|Any CPU
		{123DB085-CFC8-4C6D-95BC-212F4E169CE8}.Release|Any CPU.ActiveCfg = Release|Any CPU
		{123DB085-CFC8-4C6D-95BC-212F4E169CE8}.Release|Any CPU.Build.0 = Release|Any CPU
		{A432B115-3EE6-4BB7-82A6-967255F657EA}.Debug|Any CPU.ActiveCfg = Debug|Any CPU
		{A432B115-3EE6-4BB7-82A6-967255F657EA}.Debug|Any CPU.Build.0 = Debug|Any CPU
		{A432B115-3EE6-4BB7-82A6-967255F657EA}.Release|Any CPU.ActiveCfg = Release|Any CPU
		{A432B115-3EE6-4BB7-82A6-967255F657EA}.Release|Any CPU.Build.0 = Release|Any CPU
		{C08A1521-D0A7-4922-A0A6-EFC6A5D34F57}.Debug|Any CPU.ActiveCfg = Debug|Any CPU
		{C08A1521-D0A7-4922-A0A6-EFC6A5D34F57}.Debug|Any CPU.Build.0 = Debug|Any CPU
		{C08A1521-D0A7-4922-A0A6-EFC6A5D34F57}.Release|Any CPU.ActiveCfg = Release|Any CPU
		{C08A1521-D0A7-4922-A0A6-EFC6A5D34F57}.Release|Any CPU.Build.0 = Release|Any CPU
		{5B622ED8-CAFB-4505-AF1C-4B9EB63EBCD5}.Debug|Any CPU.ActiveCfg = Debug|Any CPU
		{5B622ED8-CAFB-4505-AF1C-4B9EB63EBCD5}.Debug|Any CPU.Build.0 = Debug|Any CPU
		{5B622ED8-CAFB-4505-AF1C-4B9EB63EBCD5}.Release|Any CPU.ActiveCfg = Release|Any CPU
		{5B622ED8-CAFB-4505-AF1C-4B9EB63EBCD5}.Release|Any CPU.Build.0 = Release|Any CPU
		{DD3B8867-BFA4-4E29-B0E0-99FEEDA7D4F4}.Debug|Any CPU.ActiveCfg = Debug|Any CPU
		{DD3B8867-BFA4-4E29-B0E0-99FEEDA7D4F4}.Debug|Any CPU.Build.0 = Debug|Any CPU
		{DD3B8867-BFA4-4E29-B0E0-99FEEDA7D4F4}.Release|Any CPU.ActiveCfg = Release|Any CPU
		{DD3B8867-BFA4-4E29-B0E0-99FEEDA7D4F4}.Release|Any CPU.Build.0 = Release|Any CPU
		{78CB22B2-A7FC-4B47-BD62-EFEBD6873AAB}.Debug|Any CPU.ActiveCfg = Debug|Any CPU
		{78CB22B2-A7FC-4B47-BD62-EFEBD6873AAB}.Debug|Any CPU.Build.0 = Debug|Any CPU
		{78CB22B2-A7FC-4B47-BD62-EFEBD6873AAB}.Release|Any CPU.ActiveCfg = Release|Any CPU
		{78CB22B2-A7FC-4B47-BD62-EFEBD6873AAB}.Release|Any CPU.Build.0 = Release|Any CPU
		{07D93219-77B5-43D1-A90C-B00897B5B8FE}.Debug|Any CPU.ActiveCfg = Debug|Any CPU
		{07D93219-77B5-43D1-A90C-B00897B5B8FE}.Debug|Any CPU.Build.0 = Debug|Any CPU
		{07D93219-77B5-43D1-A90C-B00897B5B8FE}.Release|Any CPU.ActiveCfg = Release|Any CPU
		{07D93219-77B5-43D1-A90C-B00897B5B8FE}.Release|Any CPU.Build.0 = Release|Any CPU
		{800F3E32-C1C4-46AB-A72C-1D85ECA7842D}.Debug|Any CPU.ActiveCfg = Debug|Any CPU
		{800F3E32-C1C4-46AB-A72C-1D85ECA7842D}.Debug|Any CPU.Build.0 = Debug|Any CPU
		{800F3E32-C1C4-46AB-A72C-1D85ECA7842D}.Release|Any CPU.ActiveCfg = Release|Any CPU
		{800F3E32-C1C4-46AB-A72C-1D85ECA7842D}.Release|Any CPU.Build.0 = Release|Any CPU
		{74EC9911-12AC-4898-BDC2-D23A4C27D6EC}.Debug|Any CPU.ActiveCfg = Debug|Any CPU
		{74EC9911-12AC-4898-BDC2-D23A4C27D6EC}.Debug|Any CPU.Build.0 = Debug|Any CPU
		{74EC9911-12AC-4898-BDC2-D23A4C27D6EC}.Release|Any CPU.ActiveCfg = Release|Any CPU
		{74EC9911-12AC-4898-BDC2-D23A4C27D6EC}.Release|Any CPU.Build.0 = Release|Any CPU
		{126198A4-A617-405E-AEC9-7CD03AA6DEA9}.Debug|Any CPU.ActiveCfg = Debug|Any CPU
		{126198A4-A617-405E-AEC9-7CD03AA6DEA9}.Debug|Any CPU.Build.0 = Debug|Any CPU
		{126198A4-A617-405E-AEC9-7CD03AA6DEA9}.Release|Any CPU.ActiveCfg = Release|Any CPU
		{126198A4-A617-405E-AEC9-7CD03AA6DEA9}.Release|Any CPU.Build.0 = Release|Any CPU
		{CB0642A4-E64C-4EE3-AA98-71FB420A9510}.Debug|Any CPU.ActiveCfg = Debug|Any CPU
		{CB0642A4-E64C-4EE3-AA98-71FB420A9510}.Debug|Any CPU.Build.0 = Debug|Any CPU
		{CB0642A4-E64C-4EE3-AA98-71FB420A9510}.Release|Any CPU.ActiveCfg = Release|Any CPU
		{CB0642A4-E64C-4EE3-AA98-71FB420A9510}.Release|Any CPU.Build.0 = Release|Any CPU
		{90219235-325C-4643-ACE6-E279EDF86656}.Debug|Any CPU.ActiveCfg = Debug|Any CPU
		{90219235-325C-4643-ACE6-E279EDF86656}.Debug|Any CPU.Build.0 = Debug|Any CPU
		{90219235-325C-4643-ACE6-E279EDF86656}.Release|Any CPU.ActiveCfg = Release|Any CPU
		{90219235-325C-4643-ACE6-E279EDF86656}.Release|Any CPU.Build.0 = Release|Any CPU
		{8DA82FE9-E88F-4FA4-8CF6-16A0BC464FA0}.Debug|Any CPU.ActiveCfg = Debug|Any CPU
		{8DA82FE9-E88F-4FA4-8CF6-16A0BC464FA0}.Debug|Any CPU.Build.0 = Debug|Any CPU
		{8DA82FE9-E88F-4FA4-8CF6-16A0BC464FA0}.Release|Any CPU.ActiveCfg = Release|Any CPU
		{8DA82FE9-E88F-4FA4-8CF6-16A0BC464FA0}.Release|Any CPU.Build.0 = Release|Any CPU
		{5C17FD3A-F60A-40B6-A8A1-FEF1CAC2DCC9}.Debug|Any CPU.ActiveCfg = Debug|Any CPU
		{5C17FD3A-F60A-40B6-A8A1-FEF1CAC2DCC9}.Debug|Any CPU.Build.0 = Debug|Any CPU
		{5C17FD3A-F60A-40B6-A8A1-FEF1CAC2DCC9}.Release|Any CPU.ActiveCfg = Release|Any CPU
		{5C17FD3A-F60A-40B6-A8A1-FEF1CAC2DCC9}.Release|Any CPU.Build.0 = Release|Any CPU
		{AA09F10E-93D7-4438-836B-36CE351EF20D}.Debug|Any CPU.ActiveCfg = Debug|Any CPU
		{AA09F10E-93D7-4438-836B-36CE351EF20D}.Debug|Any CPU.Build.0 = Debug|Any CPU
		{AA09F10E-93D7-4438-836B-36CE351EF20D}.Release|Any CPU.ActiveCfg = Release|Any CPU
		{AA09F10E-93D7-4438-836B-36CE351EF20D}.Release|Any CPU.Build.0 = Release|Any CPU
		{93BFE028-4A80-4D45-84B7-CE5E6BC20EFD}.Debug|Any CPU.ActiveCfg = Debug|Any CPU
		{93BFE028-4A80-4D45-84B7-CE5E6BC20EFD}.Debug|Any CPU.Build.0 = Debug|Any CPU
		{93BFE028-4A80-4D45-84B7-CE5E6BC20EFD}.Release|Any CPU.ActiveCfg = Release|Any CPU
		{93BFE028-4A80-4D45-84B7-CE5E6BC20EFD}.Release|Any CPU.Build.0 = Release|Any CPU
		{C81018A7-2C31-4481-87FB-9FF59F8C73F0}.Debug|Any CPU.ActiveCfg = Debug|Any CPU
		{C81018A7-2C31-4481-87FB-9FF59F8C73F0}.Debug|Any CPU.Build.0 = Debug|Any CPU
		{C81018A7-2C31-4481-87FB-9FF59F8C73F0}.Release|Any CPU.ActiveCfg = Release|Any CPU
		{C81018A7-2C31-4481-87FB-9FF59F8C73F0}.Release|Any CPU.Build.0 = Release|Any CPU
		{C5244268-282C-4862-8599-A3A0E7634858}.Debug|Any CPU.ActiveCfg = Debug|Any CPU
		{C5244268-282C-4862-8599-A3A0E7634858}.Debug|Any CPU.Build.0 = Debug|Any CPU
		{C5244268-282C-4862-8599-A3A0E7634858}.Release|Any CPU.ActiveCfg = Release|Any CPU
		{C5244268-282C-4862-8599-A3A0E7634858}.Release|Any CPU.Build.0 = Release|Any CPU
		{E7CAEAA4-7058-4C51-9CEF-995F14C1CEB3}.Debug|Any CPU.ActiveCfg = Debug|Any CPU
		{E7CAEAA4-7058-4C51-9CEF-995F14C1CEB3}.Debug|Any CPU.Build.0 = Debug|Any CPU
		{E7CAEAA4-7058-4C51-9CEF-995F14C1CEB3}.Release|Any CPU.ActiveCfg = Release|Any CPU
		{E7CAEAA4-7058-4C51-9CEF-995F14C1CEB3}.Release|Any CPU.Build.0 = Release|Any CPU
		{8242C739-1B18-4A55-8DE3-5174CE5D99EB}.Debug|Any CPU.ActiveCfg = Debug|Any CPU
		{8242C739-1B18-4A55-8DE3-5174CE5D99EB}.Debug|Any CPU.Build.0 = Debug|Any CPU
		{8242C739-1B18-4A55-8DE3-5174CE5D99EB}.Release|Any CPU.ActiveCfg = Release|Any CPU
		{8242C739-1B18-4A55-8DE3-5174CE5D99EB}.Release|Any CPU.Build.0 = Release|Any CPU
		{1366AAC6-B2EF-434E-A38F-27B9FA87287A}.Debug|Any CPU.ActiveCfg = Debug|Any CPU
		{1366AAC6-B2EF-434E-A38F-27B9FA87287A}.Debug|Any CPU.Build.0 = Debug|Any CPU
		{1366AAC6-B2EF-434E-A38F-27B9FA87287A}.Release|Any CPU.ActiveCfg = Release|Any CPU
		{1366AAC6-B2EF-434E-A38F-27B9FA87287A}.Release|Any CPU.Build.0 = Release|Any CPU
		{30733512-772D-4179-9A64-AAFFB0461217}.Debug|Any CPU.ActiveCfg = Debug|Any CPU
		{30733512-772D-4179-9A64-AAFFB0461217}.Debug|Any CPU.Build.0 = Debug|Any CPU
		{30733512-772D-4179-9A64-AAFFB0461217}.Release|Any CPU.ActiveCfg = Release|Any CPU
		{30733512-772D-4179-9A64-AAFFB0461217}.Release|Any CPU.Build.0 = Release|Any CPU
		{5EFFEE7B-839E-4A0C-8AC0-7FBCDD4C0981}.Debug|Any CPU.ActiveCfg = Debug|Any CPU
		{5EFFEE7B-839E-4A0C-8AC0-7FBCDD4C0981}.Debug|Any CPU.Build.0 = Debug|Any CPU
		{5EFFEE7B-839E-4A0C-8AC0-7FBCDD4C0981}.Release|Any CPU.ActiveCfg = Release|Any CPU
		{5EFFEE7B-839E-4A0C-8AC0-7FBCDD4C0981}.Release|Any CPU.Build.0 = Release|Any CPU
		{743980FA-EEFC-47C3-99BB-8036FC5B373A}.Debug|Any CPU.ActiveCfg = Debug|Any CPU
		{743980FA-EEFC-47C3-99BB-8036FC5B373A}.Debug|Any CPU.Build.0 = Debug|Any CPU
		{743980FA-EEFC-47C3-99BB-8036FC5B373A}.Release|Any CPU.ActiveCfg = Release|Any CPU
		{743980FA-EEFC-47C3-99BB-8036FC5B373A}.Release|Any CPU.Build.0 = Release|Any CPU
		{5607483C-C2FA-4B39-9478-D6EB8645C7F2}.Debug|Any CPU.ActiveCfg = Debug|Any CPU
		{5607483C-C2FA-4B39-9478-D6EB8645C7F2}.Debug|Any CPU.Build.0 = Debug|Any CPU
		{5607483C-C2FA-4B39-9478-D6EB8645C7F2}.Release|Any CPU.ActiveCfg = Release|Any CPU
		{5607483C-C2FA-4B39-9478-D6EB8645C7F2}.Release|Any CPU.Build.0 = Release|Any CPU
		{CA58BDBA-66D0-4A56-BBB2-24D86BBAA783}.Debug|Any CPU.ActiveCfg = Debug|Any CPU
		{CA58BDBA-66D0-4A56-BBB2-24D86BBAA783}.Debug|Any CPU.Build.0 = Debug|Any CPU
		{CA58BDBA-66D0-4A56-BBB2-24D86BBAA783}.Release|Any CPU.ActiveCfg = Release|Any CPU
		{CA58BDBA-66D0-4A56-BBB2-24D86BBAA783}.Release|Any CPU.Build.0 = Release|Any CPU
		{9D69D3A9-ADB3-4518-A536-9DB03982E294}.Debug|Any CPU.ActiveCfg = Debug|Any CPU
		{9D69D3A9-ADB3-4518-A536-9DB03982E294}.Debug|Any CPU.Build.0 = Debug|Any CPU
		{9D69D3A9-ADB3-4518-A536-9DB03982E294}.Release|Any CPU.ActiveCfg = Release|Any CPU
		{9D69D3A9-ADB3-4518-A536-9DB03982E294}.Release|Any CPU.Build.0 = Release|Any CPU
		{1F607FD7-92C8-4446-B453-1764F617495D}.Debug|Any CPU.ActiveCfg = Debug|Any CPU
		{1F607FD7-92C8-4446-B453-1764F617495D}.Debug|Any CPU.Build.0 = Debug|Any CPU
		{1F607FD7-92C8-4446-B453-1764F617495D}.Release|Any CPU.ActiveCfg = Release|Any CPU
		{1F607FD7-92C8-4446-B453-1764F617495D}.Release|Any CPU.Build.0 = Release|Any CPU
		{3D3FCE83-07EC-42B9-ACDD-13F377128DF2}.Debug|Any CPU.ActiveCfg = Debug|Any CPU
		{3D3FCE83-07EC-42B9-ACDD-13F377128DF2}.Debug|Any CPU.Build.0 = Debug|Any CPU
		{3D3FCE83-07EC-42B9-ACDD-13F377128DF2}.Release|Any CPU.ActiveCfg = Release|Any CPU
		{3D3FCE83-07EC-42B9-ACDD-13F377128DF2}.Release|Any CPU.Build.0 = Release|Any CPU
		{0B3542E9-2E2E-4006-9927-01CD6427B885}.Debug|Any CPU.ActiveCfg = Debug|Any CPU
		{0B3542E9-2E2E-4006-9927-01CD6427B885}.Debug|Any CPU.Build.0 = Debug|Any CPU
		{0B3542E9-2E2E-4006-9927-01CD6427B885}.Release|Any CPU.ActiveCfg = Release|Any CPU
		{0B3542E9-2E2E-4006-9927-01CD6427B885}.Release|Any CPU.Build.0 = Release|Any CPU
		{55E7FED0-9253-487B-87CB-EFE132544CAC}.Debug|Any CPU.ActiveCfg = Debug|Any CPU
		{55E7FED0-9253-487B-87CB-EFE132544CAC}.Debug|Any CPU.Build.0 = Debug|Any CPU
		{55E7FED0-9253-487B-87CB-EFE132544CAC}.Release|Any CPU.ActiveCfg = Release|Any CPU
		{55E7FED0-9253-487B-87CB-EFE132544CAC}.Release|Any CPU.Build.0 = Release|Any CPU
		{C332CC6D-8B72-4DCE-AA83-45FE14A973AC}.Debug|Any CPU.ActiveCfg = Debug|Any CPU
		{C332CC6D-8B72-4DCE-AA83-45FE14A973AC}.Debug|Any CPU.Build.0 = Debug|Any CPU
		{C332CC6D-8B72-4DCE-AA83-45FE14A973AC}.Release|Any CPU.ActiveCfg = Release|Any CPU
		{C332CC6D-8B72-4DCE-AA83-45FE14A973AC}.Release|Any CPU.Build.0 = Release|Any CPU
		{7818CFF1-3F8C-4979-8F26-6BC9526FB640}.Debug|Any CPU.ActiveCfg = Debug|Any CPU
		{7818CFF1-3F8C-4979-8F26-6BC9526FB640}.Debug|Any CPU.Build.0 = Debug|Any CPU
		{7818CFF1-3F8C-4979-8F26-6BC9526FB640}.Release|Any CPU.ActiveCfg = Release|Any CPU
		{7818CFF1-3F8C-4979-8F26-6BC9526FB640}.Release|Any CPU.Build.0 = Release|Any CPU
		{287482B1-77ED-40DF-AAE4-911F59A49D7A}.Debug|Any CPU.ActiveCfg = Debug|Any CPU
		{287482B1-77ED-40DF-AAE4-911F59A49D7A}.Debug|Any CPU.Build.0 = Debug|Any CPU
		{287482B1-77ED-40DF-AAE4-911F59A49D7A}.Release|Any CPU.ActiveCfg = Release|Any CPU
		{287482B1-77ED-40DF-AAE4-911F59A49D7A}.Release|Any CPU.Build.0 = Release|Any CPU
	EndGlobalSection
	GlobalSection(SolutionProperties) = preSolution
		HideSolutionNode = FALSE
	EndGlobalSection
	GlobalSection(ExtensibilityGlobals) = postSolution
		SolutionGuid = {54DA3F87-AAE7-42A4-B411-F608FCF41E2F}
	EndGlobalSection
EndGlobal
